
Microsoft Visual Studio Solution File, Format Version 11.00
# Visual Studio 2010
Project("{8BC9CEB8-8B4A-11D0-8D11-00A0C91BC942}") = "IQfact_QCA99xx", "IQfact_QCA99xx\IQfact_QCA99xx.vcxproj", "{D8445F69-E25B-48AA-900B-65826554B3D2}"
EndProject
Global
	GlobalSection(SolutionConfigurationPlatforms) = preSolution
		Debug|Win32 = Debug|Win32
		Release|Win32 = Release|Win32
	EndGlobalSection
	GlobalSection(ProjectConfigurationPlatforms) = postSolution
		{D8445F69-E25B-48AA-900B-65826554B3D2}.Debug|Win32.ActiveCfg = Release|Win32
		{D8445F69-E25B-48AA-900B-65826554B3D2}.Debug|Win32.Build.0 = Release|Win32
		{D8445F69-E25B-48AA-900B-65826554B3D2}.Release|Win32.ActiveCfg = Release|Win32
		{D8445F69-E25B-48AA-900B-65826554B3D2}.Release|Win32.Build.0 = Release|Win32
	EndGlobalSection
	GlobalSection(SolutionProperties) = preSolution
		HideSolutionNode = FALSE
	EndGlobalSection
EndGlobal
